
Microsoft Visual Studio Solution File, Format Version 12.00
# Visual Studio 15
VisualStudioVersion = 15.0.27703.2018
MinimumVisualStudioVersion = 10.0.40219.1
Project("{FAE04EC0-301F-11D3-BF4B-00C04F79EFBC}") = "MajorityElement", "MajorityElement\MajorityElement.csproj", "{355BF6B1-B95D-4FDF-9E63-793FAAFA9428}"
EndProject
Project("{FAE04EC0-301F-11D3-BF4B-00C04F79EFBC}") = "MajorityElement.Tests", "MajorityElementTests\MajorityElement.Tests.csproj", "{5ED447A7-8835-4368-9D56-10AAACF2244A}"
EndProject
Global
	GlobalSection(SolutionConfigurationPlatforms) = preSolution
		Debug|Any CPU = Debug|Any CPU
		Release|Any CPU = Release|Any CPU
	EndGlobalSection
	GlobalSection(ProjectConfigurationPlatforms) = postSolution
		{355BF6B1-B95D-4FDF-9E63-793FAAFA9428}.Debug|Any CPU.ActiveCfg = Debug|Any CPU
		{355BF6B1-B95D-4FDF-9E63-793FAAFA9428}.Debug|Any CPU.Build.0 = Debug|Any CPU
		{355BF6B1-B95D-4FDF-9E63-793FAAFA9428}.Release|Any CPU.ActiveCfg = Release|Any CPU
		{355BF6B1-B95D-4FDF-9E63-793FAAFA9428}.Release|Any CPU.Build.0 = Release|Any CPU
		{5ED447A7-8835-4368-9D56-10AAACF2244A}.Debug|Any CPU.ActiveCfg = Debug|Any CPU
		{5ED447A7-8835-4368-9D56-10AAACF2244A}.Debug|Any CPU.Build.0 = Debug|Any CPU
		{5ED447A7-8835-4368-9D56-10AAACF2244A}.Release|Any CPU.ActiveCfg = Release|Any CPU
		{5ED447A7-8835-4368-9D56-10AAACF2244A}.Release|Any CPU.Build.0 = Release|Any CPU
	EndGlobalSection
	GlobalSection(SolutionProperties) = preSolution
		HideSolutionNode = FALSE
	EndGlobalSection
	GlobalSection(ExtensibilityGlobals) = postSolution
		SolutionGuid = {48A05E5E-689F-4268-B877-B04D2172928C}
	EndGlobalSection
EndGlobal
